
Microsoft Visual Studio Solution File, Format Version 12.00
# Visual Studio Version 17
VisualStudioVersion = 17.8.34309.116
MinimumVisualStudioVersion = 10.0.40219.1
Project("{9A19103F-16F7-4668-BE54-9A1E7A4F7556}") = "DiyetProjesi.DAL", "DiyetProjesi.DAL\DiyetProjesi.DAL.csproj", "{537A8359-085C-4C0E-90F0-E53EA64A708A}"
EndProject
Project("{FAE04EC0-301F-11D3-BF4B-00C04F79EFBC}") = "DiyetProjesi.BL", "DiyetProjesi.BL\DiyetProjesi.BL.csproj", "{5EEFF918-A0BB-478B-956E-6B93D32A8CD5}"
EndProject
Project("{FAE04EC0-301F-11D3-BF4B-00C04F79EFBC}") = "DiyetProjesi.PL", "DiyetProjesi.PL\DiyetProjesi.PL.csproj", "{0B972D24-0857-45C5-A7EB-0D07821B062B}"
EndProject
Global
	GlobalSection(SolutionConfigurationPlatforms) = preSolution
		Debug|Any CPU = Debug|Any CPU
		Release|Any CPU = Release|Any CPU
	EndGlobalSection
	GlobalSection(ProjectConfigurationPlatforms) = postSolution
		{537A8359-085C-4C0E-90F0-E53EA64A708A}.Debug|Any CPU.ActiveCfg = Debug|Any CPU
		{537A8359-085C-4C0E-90F0-E53EA64A708A}.Debug|Any CPU.Build.0 = Debug|Any CPU
		{537A8359-085C-4C0E-90F0-E53EA64A708A}.Release|Any CPU.ActiveCfg = Release|Any CPU
		{537A8359-085C-4C0E-90F0-E53EA64A708A}.Release|Any CPU.Build.0 = Release|Any CPU
		{5EEFF918-A0BB-478B-956E-6B93D32A8CD5}.Debug|Any CPU.ActiveCfg = Debug|Any CPU
		{5EEFF918-A0BB-478B-956E-6B93D32A8CD5}.Debug|Any CPU.Build.0 = Debug|Any CPU
		{5EEFF918-A0BB-478B-956E-6B93D32A8CD5}.Release|Any CPU.ActiveCfg = Release|Any CPU
		{5EEFF918-A0BB-478B-956E-6B93D32A8CD5}.Release|Any CPU.Build.0 = Release|Any CPU
		{0B972D24-0857-45C5-A7EB-0D07821B062B}.Debug|Any CPU.ActiveCfg = Debug|Any CPU
		{0B972D24-0857-45C5-A7EB-0D07821B062B}.Debug|Any CPU.Build.0 = Debug|Any CPU
		{0B972D24-0857-45C5-A7EB-0D07821B062B}.Release|Any CPU.ActiveCfg = Release|Any CPU
		{0B972D24-0857-45C5-A7EB-0D07821B062B}.Release|Any CPU.Build.0 = Release|Any CPU
	EndGlobalSection
	GlobalSection(SolutionProperties) = preSolution
		HideSolutionNode = FALSE
	EndGlobalSection
	GlobalSection(ExtensibilityGlobals) = postSolution
		SolutionGuid = {5AB739A3-36A5-43D0-AC06-2ECF21D33A78}
	EndGlobalSection
EndGlobal
